<?xml version="1.0" encoding="utf-8"?>
<Project ToolsVersion="4.0" xmlns="http://schemas.microsoft.com/developer/msbuild/2003">
  <ItemGroup>
    <Filter Include="Source Files">
      <UniqueIdentifier>{4FC737F1-C7A5-4376-A066-2A32D752A2FF}</UniqueIdentifier>
      <Extensions>cpp;c;cc;cxx;c++;cppm;ixx;def;odl;idl;hpj;bat;asm;asmx</Extensions>
    </Filter>
    <Filter Include="Header Files">
      <UniqueIdentifier>{93995380-89BD-4b04-88EB-625FBE52EBFB}</UniqueIdentifier>
      <Extensions>h;hh;hpp;hxx;h++;hm;inl;inc;ipp;xsd</Extensions>
    </Filter>
    <Filter Include="Resource Files">
      <UniqueIdentifier>{67DA6AB6-F800-4c08-8B7A-83BB121AAD01}</UniqueIdentifier>
      <Extensions>rc;ico;cur;bmp;dlg;rc2;rct;bin;rgs;gif;jpg;jpeg;jpe;resx;tiff;tif;png;wav;mfcribbon-ms</Extensions>
    </Filter>
  </ItemGroup>
  <ItemGroup>
    <ClCompile Include="third_main.cpp">
      <Filter>Source Files</Filter>
    </ClCompile>
    <ClCompile Include="OpenXLSX\sources\XLCell.cpp">
      <Filter>Source Files</Filter>
    </ClCompile>
    <ClCompile Include="OpenXLSX\sources\XLCellIterator.cpp">
      <Filter>Source Files</Filter>
    </ClCompile>
    <ClCompile Include="OpenXLSX\sources\XLCellRange.cpp">
      <Filter>Source Files</Filter>
    </ClCompile>
    <ClCompile Include="OpenXLSX\sources\XLCellReference.cpp">
      <Filter>Source Files</Filter>
    </ClCompile>
    <ClCompile Include="OpenXLSX\sources\XLCellValue.cpp">
      <Filter>Source Files</Filter>
    </ClCompile>
    <ClCompile Include="OpenXLSX\sources\XLColor.cpp">
      <Filter>Source Files</Filter>
    </ClCompile>
    <ClCompile Include="OpenXLSX\sources\XLColumn.cpp">
      <Filter>Source Files</Filter>
    </ClCompile>
    <ClCompile Include="OpenXLSX\sources\XLContentTypes.cpp">
      <Filter>Source Files</Filter>
    </ClCompile>
    <ClCompile Include="OpenXLSX\sources\XLDateTime.cpp">
      <Filter>Source Files</Filter>
    </ClCompile>
    <ClCompile Include="OpenXLSX\sources\XLDocument.cpp">
      <Filter>Source Files</Filter>
    </ClCompile>
    <ClCompile Include="OpenXLSX\sources\XLFormula.cpp">
      <Filter>Source Files</Filter>
    </ClCompile>
    <ClCompile Include="OpenXLSX\sources\XLProperties.cpp">
      <Filter>Source Files</Filter>
    </ClCompile>
    <ClCompile Include="OpenXLSX\sources\XLRelationships.cpp">
      <Filter>Source Files</Filter>
    </ClCompile>
    <ClCompile Include="OpenXLSX\sources\XLRow.cpp">
      <Filter>Source Files</Filter>
    </ClCompile>
    <ClCompile Include="OpenXLSX\sources\XLRowData.cpp">
      <Filter>Source Files</Filter>
    </ClCompile>
    <ClCompile Include="OpenXLSX\sources\XLSharedStrings.cpp">
      <Filter>Source Files</Filter>
    </ClCompile>
    <ClCompile Include="OpenXLSX\sources\XLSheet.cpp">
      <Filter>Source Files</Filter>
    </ClCompile>
    <ClCompile Include="OpenXLSX\sources\XLWorkbook.cpp">
      <Filter>Source Files</Filter>
    </ClCompile>
    <ClCompile Include="OpenXLSX\sources\XLXmlData.cpp">
      <Filter>Source Files</Filter>
    </ClCompile>
    <ClCompile Include="OpenXLSX\sources\XLXmlFile.cpp">
      <Filter>Source Files</Filter>
    </ClCompile>
    <ClCompile Include="OpenXLSX\sources\XLZipArchive.cpp">
      <Filter>Source Files</Filter>
    </ClCompile>
  </ItemGroup>
  <ItemGroup>
    <ClInclude Include="resource.h">
      <Filter>Header Files</Filter>
    </ClInclude>
  </ItemGroup>
  <ItemGroup>
    <ResourceCompile Include="LossCalculationProjectInCPP.rc">
      <Filter>Resource Files</Filter>
    </ResourceCompile>
  </ItemGroup>
</Project>